// !$*UTF8*$!
{
	archiveVersion = 1;
	classes = {
	};
	objectVersion = 56;
	objects = {

/* Begin PBXBuildFile section */
		7436487D2B98D7F9002E1DC0 /* GitSampleApp.swift in Sources */ = {isa = PBXBuildFile; fileRef = 7436487C2B98D7F9002E1DC0 /* GitSampleApp.swift */; };
		7436487F2B98D7F9002E1DC0 /* ContentView.swift in Sources */ = {isa = PBXBuildFile; fileRef = 7436487E2B98D7F9002E1DC0 /* ContentView.swift */; };
		743648812B98D7FB002E1DC0 /* Assets.xcassets in Resources */ = {isa = PBXBuildFile; fileRef = 743648802B98D7FB002E1DC0 /* Assets.xcassets */; };
		743648842B98D7FB002E1DC0 /* Preview Assets.xcassets in Resources */ = {isa = PBXBuildFile; fileRef = 743648832B98D7FB002E1DC0 /* Preview Assets.xcassets */; };
		7436488E2B98D7FC002E1DC0 /* GitSampleTests.swift in Sources */ = {isa = PBXBuildFile; fileRef = 7436488D2B98D7FC002E1DC0 /* GitSampleTests.swift */; };
		743648982B98D7FC002E1DC0 /* GitSampleUITests.swift in Sources */ = {isa = PBXBuildFile; fileRef = 743648972B98D7FC002E1DC0 /* GitSampleUITests.swift */; };
		7436489A2B98D7FC002E1DC0 /* GitSampleUITestsLaunchTests.swift in Sources */ = {isa = PBXBuildFile; fileRef = 743648992B98D7FC002E1DC0 /* GitSampleUITestsLaunchTests.swift */; };
/* End PBXBuildFile section */

/* Begin PBXContainerItemProxy section */
		7436488A2B98D7FC002E1DC0 /* PBXContainerItemProxy */ = {
			isa = PBXContainerItemProxy;
			containerPortal = 743648712B98D7F9002E1DC0 /* Project object */;
			proxyType = 1;
			remoteGlobalIDString = 743648782B98D7F9002E1DC0;
			remoteInfo = GitSample;
		};
		743648942B98D7FC002E1DC0 /* PBXContainerItemProxy */ = {
			isa = PBXContainerItemProxy;
			containerPortal = 743648712B98D7F9002E1DC0 /* Project object */;
			proxyType = 1;
			remoteGlobalIDString = 743648782B98D7F9002E1DC0;
			remoteInfo = GitSample;
		};
/* End PBXContainerItemProxy section */

/* Begin PBXFileReference section */
		743648792B98D7F9002E1DC0 /* GitSample.app */ = {isa = PBXFileReference; explicitFileType = wrapper.application; includeInIndex = 0; path = GitSample.app; sourceTree = BUILT_PRODUCTS_DIR; };
		7436487C2B98D7F9002E1DC0 /* GitSampleApp.swift */ = {isa = PBXFileReference; lastKnownFileType = sourcecode.swift; path = GitSampleApp.swift; sourceTree = "<group>"; };
		7436487E2B98D7F9002E1DC0 /* ContentView.swift */ = {isa = PBXFileReference; lastKnownFileType = sourcecode.swift; path = ContentView.swift; sourceTree = "<group>"; };
		743648802B98D7FB002E1DC0 /* Assets.xcassets */ = {isa = PBXFileReference; lastKnownFileType = folder.assetcatalog; path = Assets.xcassets; sourceTree = "<group>"; };
		743648832B98D7FB002E1DC0 /* Preview Assets.xcassets */ = {isa = PBXFileReference; lastKnownFileType = folder.assetcatalog; path = "Preview Assets.xcassets"; sourceTree = "<group>"; };
		743648892B98D7FC002E1DC0 /* GitSampleTests.xctest */ = {isa = PBXFileReference; explicitFileType = wrapper.cfbundle; includeInIndex = 0; path = GitSampleTests.xctest; sourceTree = BUILT_PRODUCTS_DIR; };
		7436488D2B98D7FC002E1DC0 /* GitSampleTests.swift */ = {isa = PBXFileReference; lastKnownFileType = sourcecode.swift; path = GitSampleTests.swift; sourceTree = "<group>"; };
		743648932B98D7FC002E1DC0 /* GitSampleUITests.xctest */ = {isa = PBXFileReference; explicitFileType = wrapper.cfbundle; includeInIndex = 0; path = GitSampleUITests.xctest; sourceTree = BUILT_PRODUCTS_DIR; };
		743648972B98D7FC002E1DC0 /* GitSampleUITests.swift */ = {isa = PBXFileReference; lastKnownFileType = sourcecode.swift; path = GitSampleUITests.swift; sourceTree = "<group>"; };
		743648992B98D7FC002E1DC0 /* GitSampleUITestsLaunchTests.swift */ = {isa = PBXFileReference; lastKnownFileType = sourcecode.swift; path = GitSampleUITestsLaunchTests.swift; sourceTree = "<group>"; };
/* End PBXFileReference section */

/* Begin PBXFrameworksBuildPhase section */
		743648762B98D7F9002E1DC0 /* Frameworks */ = {
			isa = PBXFrameworksBuildPhase;
			buildActionMask = 2147483647;
			files = (
			);
			runOnlyForDeploymentPostprocessing = 0;
		};
		743648862B98D7FC002E1DC0 /* Frameworks */ = {
			isa = PBXFrameworksBuildPhase;
			buildActionMask = 2147483647;
			files = (
			);
			runOnlyForDeploymentPostprocessing = 0;
		};
		743648902B98D7FC002E1DC0 /* Frameworks */ = {
			isa = PBXFrameworksBuildPhase;
			buildActionMask = 2147483647;
			files = (
			);
			runOnlyForDeploymentPostprocessing = 0;
		};
/* End PBXFrameworksBuildPhase section */

/* Begin PBXGroup section */
		743648702B98D7F9002E1DC0 = {
			isa = PBXGroup;
			children = (
				7436487B2B98D7F9002E1DC0 /* GitSample */,
				7436488C2B98D7FC002E1DC0 /* GitSampleTests */,
				743648962B98D7FC002E1DC0 /* GitSampleUITests */,
				7436487A2B98D7F9002E1DC0 /* Products */,
			);
			sourceTree = "<group>";
		};
		7436487A2B98D7F9002E1DC0 /* Products */ = {
			isa = PBXGroup;
			children = (
				743648792B98D7F9002E1DC0 /* GitSample.app */,
				743648892B98D7FC002E1DC0 /* GitSampleTests.xctest */,
				743648932B98D7FC002E1DC0 /* GitSampleUITests.xctest */,
			);
			name = Products;
			sourceTree = "<group>";
		};
		7436487B2B98D7F9002E1DC0 /* GitSample */ = {
			isa = PBXGroup;
			children = (
				7436487C2B98D7F9002E1DC0 /* GitSampleApp.swift */,
				7436487E2B98D7F9002E1DC0 /* ContentView.swift */,
				743648802B98D7FB002E1DC0 /* Assets.xcassets */,
				743648822B98D7FB002E1DC0 /* Preview Content */,
			);
			path = GitSample;
			sourceTree = "<group>";
		};
		743648822B98D7FB002E1DC0 /* Preview Content */ = {
			isa = PBXGroup;
			children = (
				743648832B98D7FB002E1DC0 /* Preview Assets.xcassets */,
			);
			path = "Preview Content";
			sourceTree = "<group>";
		};
		7436488C2B98D7FC002E1DC0 /* GitSampleTests */ = {
			isa = PBXGroup;
			children = (
				7436488D2B98D7FC002E1DC0 /* GitSampleTests.swift */,
			);
			path = GitSampleTests;
			sourceTree = "<group>";
		};
		743648962B98D7FC002E1DC0 /* GitSampleUITests */ = {
			isa = PBXGroup;
			children = (
				743648972B98D7FC002E1DC0 /* GitSampleUITests.swift */,
				743648992B98D7FC002E1DC0 /* GitSampleUITestsLaunchTests.swift */,
			);
			path = GitSampleUITests;
			sourceTree = "<group>";
		};
/* End PBXGroup section */

/* Begin PBXNativeTarget section */
		743648782B98D7F9002E1DC0 /* GitSample */ = {
			isa = PBXNativeTarget;
			buildConfigurationList = 7436489D2B98D7FC002E1DC0 /* Build configuration list for PBXNativeTarget "GitSample" */;
			buildPhases = (
				743648752B98D7F9002E1DC0 /* Sources */,
				743648762B98D7F9002E1DC0 /* Frameworks */,
				743648772B98D7F9002E1DC0 /* Resources */,
			);
			buildRules = (
			);
			dependencies = (
			);
			name = GitSample;
			productName = GitSample;
			productReference = 743648792B98D7F9002E1DC0 /* GitSample.app */;
			productType = "com.apple.product-type.application";
		};
		743648882B98D7FC002E1DC0 /* GitSampleTests */ = {
			isa = PBXNativeTarget;
			buildConfigurationList = 743648A02B98D7FC002E1DC0 /* Build configuration list for PBXNativeTarget "GitSampleTests" */;
			buildPhases = (
				743648852B98D7FC002E1DC0 /* Sources */,
				743648862B98D7FC002E1DC0 /* Frameworks */,
				743648872B98D7FC002E1DC0 /* Resources */,
			);
			buildRules = (
			);
			dependencies = (
				7436488B2B98D7FC002E1DC0 /* PBXTargetDependency */,
			);
			name = GitSampleTests;
			productName = GitSampleTests;
			productReference = 743648892B98D7FC002E1DC0 /* GitSampleTests.xctest */;
			productType = "com.apple.product-type.bundle.unit-test";
		};
		743648922B98D7FC002E1DC0 /* GitSampleUITests */ = {
			isa = PBXNativeTarget;
			buildConfigurationList = 743648A32B98D7FC002E1DC0 /* Build configuration list for PBXNativeTarget "GitSampleUITests" */;
			buildPhases = (
				7436488F2B98D7FC002E1DC0 /* Sources */,
				743648902B98D7FC002E1DC0 /* Frameworks */,
				743648912B98D7FC002E1DC0 /* Resources */,
			);
			buildRules = (
			);
			dependencies = (
				743648952B98D7FC002E1DC0 /* PBXTargetDependency */,
			);
			name = GitSampleUITests;
			productName = GitSampleUITests;
			productReference = 743648932B98D7FC002E1DC0 /* GitSampleUITests.xctest */;
			productType = "com.apple.product-type.bundle.ui-testing";
		};
/* End PBXNativeTarget section */

/* Begin PBXProject section */
		743648712B98D7F9002E1DC0 /* Project object */ = {
			isa = PBXProject;
			attributes = {
				BuildIndependentTargetsInParallel = 1;
				LastSwiftUpdateCheck = 1520;
				LastUpgradeCheck = 1520;
				TargetAttributes = {
					743648782B98D7F9002E1DC0 = {
						CreatedOnToolsVersion = 15.2;
					};
					743648882B98D7FC002E1DC0 = {
						CreatedOnToolsVersion = 15.2;
						TestTargetID = 743648782B98D7F9002E1DC0;
					};
					743648922B98D7FC002E1DC0 = {
						CreatedOnToolsVersion = 15.2;
						TestTargetID = 743648782B98D7F9002E1DC0;
					};
				};
			};
			buildConfigurationList = 743648742B98D7F9002E1DC0 /* Build configuration list for PBXProject "GitSample" */;
			compatibilityVersion = "Xcode 14.0";
			developmentRegion = en;
			hasScannedForEncodings = 0;
			knownRegions = (
				en,
				Base,
			);
			mainGroup = 743648702B98D7F9002E1DC0;
			productRefGroup = 7436487A2B98D7F9002E1DC0 /* Products */;
			projectDirPath = "";
			projectRoot = "";
			targets = (
				743648782B98D7F9002E1DC0 /* GitSample */,
				743648882B98D7FC002E1DC0 /* GitSampleTests */,
				743648922B98D7FC002E1DC0 /* GitSampleUITests */,
			);
		};
/* End PBXProject section */

/* Begin PBXResourcesBuildPhase section */
		743648772B98D7F9002E1DC0 /* Resources */ = {
			isa = PBXResourcesBuildPhase;
			buildActionMask = 2147483647;
			files = (
				743648842B98D7FB002E1DC0 /* Preview Assets.xcassets in Resources */,
				743648812B98D7FB002E1DC0 /* Assets.xcassets in Resources */,
			);
			runOnlyForDeploymentPostprocessing = 0;
		};
		743648872B98D7FC002E1DC0 /* Resources */ = {
			isa = PBXResourcesBuildPhase;
			buildActionMask = 2147483647;
			files = (
			);
			runOnlyForDeploymentPostprocessing = 0;
		};
		743648912B98D7FC002E1DC0 /* Resources */ = {
			isa = PBXResourcesBuildPhase;
			buildActionMask = 2147483647;
			files = (
			);
			runOnlyForDeploymentPostprocessing = 0;
		};
/* End PBXResourcesBuildPhase section */

/* Begin PBXSourcesBuildPhase section */
		743648752B98D7F9002E1DC0 /* Sources */ = {
			isa = PBXSourcesBuildPhase;
			buildActionMask = 2147483647;
			files = (
				7436487F2B98D7F9002E1DC0 /* ContentView.swift in Sources */,
				7436487D2B98D7F9002E1DC0 /* GitSampleApp.swift in Sources */,
			);
			runOnlyForDeploymentPostprocessing = 0;
		};
		743648852B98D7FC002E1DC0 /* Sources */ = {
			isa = PBXSourcesBuildPhase;
			buildActionMask = 2147483647;
			files = (
				7436488E2B98D7FC002E1DC0 /* GitSampleTests.swift in Sources */,
			);
			runOnlyForDeploymentPostprocessing = 0;
		};
		7436488F2B98D7FC002E1DC0 /* Sources */ = {
			isa = PBXSourcesBuildPhase;
			buildActionMask = 2147483647;
			files = (
				743648982B98D7FC002E1DC0 /* GitSampleUITests.swift in Sources */,
				7436489A2B98D7FC002E1DC0 /* GitSampleUITestsLaunchTests.swift in Sources */,
			);
			runOnlyForDeploymentPostprocessing = 0;
		};
/* End PBXSourcesBuildPhase section */

/* Begin PBXTargetDependency section */
		7436488B2B98D7FC002E1DC0 /* PBXTargetDependency */ = {
			isa = PBXTargetDependency;
			target = 743648782B98D7F9002E1DC0 /* GitSample */;
			targetProxy = 7436488A2B98D7FC002E1DC0 /* PBXContainerItemProxy */;
		};
		743648952B98D7FC002E1DC0 /* PBXTargetDependency */ = {
			isa = PBXTargetDependency;
			target = 743648782B98D7F9002E1DC0 /* GitSample */;
			targetProxy = 743648942B98D7FC002E1DC0 /* PBXContainerItemProxy */;
		};
/* End PBXTargetDependency section */

/* Begin XCBuildConfiguration section */
		7436489B2B98D7FC002E1DC0 /* Debug */ = {
			isa = XCBuildConfiguration;
			buildSettings = {
				ALWAYS_SEARCH_USER_PATHS = NO;
				ASSETCATALOG_COMPILER_GENERATE_SWIFT_ASSET_SYMBOL_EXTENSIONS = YES;
				CLANG_ANALYZER_NONNULL = YES;
				CLANG_ANALYZER_NUMBER_OBJECT_CONVERSION = YES_AGGRESSIVE;
				CLANG_CXX_LANGUAGE_STANDARD = "gnu++20";
				CLANG_ENABLE_MODULES = YES;
				CLANG_ENABLE_OBJC_ARC = YES;
				CLANG_ENABLE_OBJC_WEAK = YES;
				CLANG_WARN_BLOCK_CAPTURE_AUTORELEASING = YES;
				CLANG_WARN_BOOL_CONVERSION = YES;
				CLANG_WARN_COMMA = YES;
				CLANG_WARN_CONSTANT_CONVERSION = YES;
				CLANG_WARN_DEPRECATED_OBJC_IMPLEMENTATIONS = YES;
				CLANG_WARN_DIRECT_OBJC_ISA_USAGE = YES_ERROR;
				CLANG_WARN_DOCUMENTATION_COMMENTS = YES;
				CLANG_WARN_EMPTY_BODY = YES;
				CLANG_WARN_ENUM_CONVERSION = YES;
				CLANG_WARN_INFINITE_RECURSION = YES;
				CLANG_WARN_INT_CONVERSION = YES;
				CLANG_WARN_NON_LITERAL_NULL_CONVERSION = YES;
				CLANG_WARN_OBJC_IMPLICIT_RETAIN_SELF = YES;
				CLANG_WARN_OBJC_LITERAL_CONVERSION = YES;
				CLANG_WARN_OBJC_ROOT_CLASS = YES_ERROR;
				CLANG_WARN_QUOTED_INCLUDE_IN_FRAMEWORK_HEADER = YES;
				CLANG_WARN_RANGE_LOOP_ANALYSIS = YES;
				CLANG_WARN_STRICT_PROTOTYPES = YES;
				CLANG_WARN_SUSPICIOUS_MOVE = YES;
				CLANG_WARN_UNGUARDED_AVAILABILITY = YES_AGGRESSIVE;
				CLANG_WARN_UNREACHABLE_CODE = YES;
				CLANG_WARN__DUPLICATE_METHOD_MATCH = YES;
				COPY_PHASE_STRIP = NO;
				DEBUG_INFORMATION_FORMAT = dwarf;
				ENABLE_STRICT_OBJC_MSGSEND = YES;
				ENABLE_TESTABILITY = YES;
				ENABLE_USER_SCRIPT_SANDBOXING = YES;
				GCC_C_LANGUAGE_STANDARD = gnu17;
				GCC_DYNAMIC_NO_PIC = NO;
				GCC_NO_COMMON_BLOCKS = YES;
				GCC_OPTIMIZATION_LEVEL = 0;
				GCC_PREPROCESSOR_DEFINITIONS = (
					"DEBUG=1",
					"$(inherited)",
				);
				GCC_WARN_64_TO_32_BIT_CONVERSION = YES;
				GCC_WARN_ABOUT_RETURN_TYPE = YES_ERROR;
				GCC_WARN_UNDECLARED_SELECTOR = YES;
				GCC_WARN_UNINITIALIZED_AUTOS = YES_AGGRESSIVE;
				GCC_WARN_UNUSED_FUNCTION = YES;
				GCC_WARN_UNUSED_VARIABLE = YES;
				IPHONEOS_DEPLOYMENT_TARGET = 17.2;
				LOCALIZATION_PREFERS_STRING_CATALOGS = YES;
				MTL_ENABLE_DEBUG_INFO = INCLUDE_SOURCE;
				MTL_FAST_MATH = YES;
				ONLY_ACTIVE_ARCH = YES;
				SDKROOT = iphoneos;
				SWIFT_ACTIVE_COMPILATION_CONDITIONS = "DEBUG $(inherited)";
				SWIFT_OPTIMIZATION_LEVEL = "-Onone";
			};
			name = Debug;
		};
		7436489C2B98D7FC002E1DC0 /* Release */ = {
			isa = XCBuildConfiguration;
			buildSettings = {
				ALWAYS_SEARCH_USER_PATHS = NO;
				ASSETCATALOG_COMPILER_GENERATE_SWIFT_ASSET_SYMBOL_EXTENSIONS = YES;
				CLANG_ANALYZER_NONNULL = YES;
				CLANG_ANALYZER_NUMBER_OBJECT_CONVERSION = YES_AGGRESSIVE;
				CLANG_CXX_LANGUAGE_STANDARD = "gnu++20";
				CLANG_ENABLE_MODULES = YES;
				CLANG_ENABLE_OBJC_ARC = YES;
				CLANG_ENABLE_OBJC_WEAK = YES;
				CLANG_WARN_BLOCK_CAPTURE_AUTORELEASING = YES;
				CLANG_WARN_BOOL_CONVERSION = YES;
				CLANG_WARN_COMMA = YES;
				CLANG_WARN_CONSTANT_CONVERSION = YES;
				CLANG_WARN_DEPRECATED_OBJC_IMPLEMENTATIONS = YES;
				CLANG_WARN_DIRECT_OBJC_ISA_USAGE = YES_ERROR;
				CLANG_WARN_DOCUMENTATION_COMMENTS = YES;
				CLANG_WARN_EMPTY_BODY = YES;
				CLANG_WARN_ENUM_CONVERSION = YES;
				CLANG_WARN_INFINITE_RECURSION = YES;
				CLANG_WARN_INT_CONVERSION = YES;
				CLANG_WARN_NON_LITERAL_NULL_CONVERSION = YES;
				CLANG_WARN_OBJC_IMPLICIT_RETAIN_SELF = YES;
				CLANG_WARN_OBJC_LITERAL_CONVERSION = YES;
				CLANG_WARN_OBJC_ROOT_CLASS = YES_ERROR;
				CLANG_WARN_QUOTED_INCLUDE_IN_FRAMEWORK_HEADER = YES;
				CLANG_WARN_RANGE_LOOP_ANALYSIS = YES;
				CLANG_WARN_STRICT_PROTOTYPES = YES;
				CLANG_WARN_SUSPICIOUS_MOVE = YES;
				CLANG_WARN_UNGUARDED_AVAILABILITY = YES_AGGRESSIVE;
				CLANG_WARN_UNREACHABLE_CODE = YES;
				CLANG_WARN__DUPLICATE_METHOD_MATCH = YES;
				COPY_PHASE_STRIP = NO;
				DEBUG_INFORMATION_FORMAT = "dwarf-with-dsym";
				ENABLE_NS_ASSERTIONS = NO;
				ENABLE_STRICT_OBJC_MSGSEND = YES;
				ENABLE_USER_SCRIPT_SANDBOXING = YES;
				GCC_C_LANGUAGE_STANDARD = gnu17;
				GCC_NO_COMMON_BLOCKS = YES;
				GCC_WARN_64_TO_32_BIT_CONVERSION = YES;
				GCC_WARN_ABOUT_RETURN_TYPE = YES_ERROR;
				GCC_WARN_UNDECLARED_SELECTOR = YES;
				GCC_WARN_UNINITIALIZED_AUTOS = YES_AGGRESSIVE;
				GCC_WARN_UNUSED_FUNCTION = YES;
				GCC_WARN_UNUSED_VARIABLE = YES;
				IPHONEOS_DEPLOYMENT_TARGET = 17.2;
				LOCALIZATION_PREFERS_STRING_CATALOGS = YES;
				MTL_ENABLE_DEBUG_INFO = NO;
				MTL_FAST_MATH = YES;
				SDKROOT = iphoneos;
				SWIFT_COMPILATION_MODE = wholemodule;
				VALIDATE_PRODUCT = YES;
			};
			name = Release;
		};
		7436489E2B98D7FC002E1DC0 /* Debug */ = {
			isa = XCBuildConfiguration;
			buildSettings = {
				ASSETCATALOG_COMPILER_APPICON_NAME = AppIcon;
				ASSETCATALOG_COMPILER_GLOBAL_ACCENT_COLOR_NAME = AccentColor;
				CODE_SIGN_STYLE = Automatic;
				CURRENT_PROJECT_VERSION = 1;
				DEVELOPMENT_ASSET_PATHS = "\"GitSample/Preview Content\"";
				ENABLE_PREVIEWS = YES;
				GENERATE_INFOPLIST_FILE = YES;
				INFOPLIST_KEY_UIApplicationSceneManifest_Generation = YES;
				INFOPLIST_KEY_UIApplicationSupportsIndirectInputEvents = YES;
				INFOPLIST_KEY_UILaunchScreen_Generation = YES;
				INFOPLIST_KEY_UISupportedInterfaceOrientations_iPad = "UIInterfaceOrientationPortrait UIInterfaceOrientationPortraitUpsideDown UIInterfaceOrientationLandscapeLeft UIInterfaceOrientationLandscapeRight";
				INFOPLIST_KEY_UISupportedInterfaceOrientations_iPhone = "UIInterfaceOrientationPortrait UIInterfaceOrientationLandscapeLeft UIInterfaceOrientationLandscapeRight";
				LD_RUNPATH_SEARCH_PATHS = (
					"$(inherited)",
					"@executable_path/Frameworks",
				);
				MARKETING_VERSION = 1.0;
				PRODUCT_BUNDLE_IDENTIFIER = us.swcsd.GitSample;
				PRODUCT_NAME = "$(TARGET_NAME)";
				SWIFT_EMIT_LOC_STRINGS = YES;
				SWIFT_VERSION = 5.0;
				TARGETED_DEVICE_FAMILY = "1,2";
			};
			name = Debug;
		};
		7436489F2B98D7FC002E1DC0 /* Release */ = {
			isa = XCBuildConfiguration;
			buildSettings = {
				ASSETCATALOG_COMPILER_APPICON_NAME = AppIcon;
				ASSETCATALOG_COMPILER_GLOBAL_ACCENT_COLOR_NAME = AccentColor;
				CODE_SIGN_STYLE = Automatic;
				CURRENT_PROJECT_VERSION = 1;
				DEVELOPMENT_ASSET_PATHS = "\"GitSample/Preview Content\"";
				ENABLE_PREVIEWS = YES;
				GENERATE_INFOPLIST_FILE = YES;
				INFOPLIST_KEY_UIApplicationSceneManifest_Generation = YES;
				INFOPLIST_KEY_UIApplicationSupportsIndirectInputEvents = YES;
				INFOPLIST_KEY_UILaunchScreen_Generation = YES;
				INFOPLIST_KEY_UISupportedInterfaceOrientations_iPad = "UIInterfaceOrientationPortrait UIInterfaceOrientationPortraitUpsideDown UIInterfaceOrientationLandscapeLeft UIInterfaceOrientationLandscapeRight";
				INFOPLIST_KEY_UISupportedInterfaceOrientations_iPhone = "UIInterfaceOrientationPortrait UIInterfaceOrientationLandscapeLeft UIInterfaceOrientationLandscapeRight";
				LD_RUNPATH_SEARCH_PATHS = (
					"$(inherited)",
					"@executable_path/Frameworks",
				);
				MARKETING_VERSION = 1.0;
				PRODUCT_BUNDLE_IDENTIFIER = us.swcsd.GitSample;
				PRODUCT_NAME = "$(TARGET_NAME)";
				SWIFT_EMIT_LOC_STRINGS = YES;
				SWIFT_VERSION = 5.0;
				TARGETED_DEVICE_FAMILY = "1,2";
			};
			name = Release;
		};
		743648A12B98D7FC002E1DC0 /* Debug */ = {
			isa = XCBuildConfiguration;
			buildSettings = {
				ALWAYS_EMBED_SWIFT_STANDARD_LIBRARIES = YES;
				BUNDLE_LOADER = "$(TEST_HOST)";
				CODE_SIGN_STYLE = Automatic;
				CURRENT_PROJECT_VERSION = 1;
				GENERATE_INFOPLIST_FILE = YES;
				IPHONEOS_DEPLOYMENT_TARGET = 17.2;
				MARKETING_VERSION = 1.0;
				PRODUCT_BUNDLE_IDENTIFIER = us.swcsd.GitSampleTests;
				PRODUCT_NAME = "$(TARGET_NAME)";
				SWIFT_EMIT_LOC_STRINGS = NO;
				SWIFT_VERSION = 5.0;
				TARGETED_DEVICE_FAMILY = "1,2";
				TEST_HOST = "$(BUILT_PRODUCTS_DIR)/GitSample.app/$(BUNDLE_EXECUTABLE_FOLDER_PATH)/GitSample";
			};
			name = Debug;
		};
		743648A22B98D7FC002E1DC0 /* Release */ = {
			isa = XCBuildConfiguration;
			buildSettings = {
				ALWAYS_EMBED_SWIFT_STANDARD_LIBRARIES = YES;
				BUNDLE_LOADER = "$(TEST_HOST)";
				CODE_SIGN_STYLE = Automatic;
				CURRENT_PROJECT_VERSION = 1;
				GENERATE_INFOPLIST_FILE = YES;
				IPHONEOS_DEPLOYMENT_TARGET = 17.2;
				MARKETING_VERSION = 1.0;
				PRODUCT_BUNDLE_IDENTIFIER = us.swcsd.GitSampleTests;
				PRODUCT_NAME = "$(TARGET_NAME)";
				SWIFT_EMIT_LOC_STRINGS = NO;
				SWIFT_VERSION = 5.0;
				TARGETED_DEVICE_FAMILY = "1,2";
				TEST_HOST = "$(BUILT_PRODUCTS_DIR)/GitSample.app/$(BUNDLE_EXECUTABLE_FOLDER_PATH)/GitSample";
			};
			name = Release;
		};
		743648A42B98D7FC002E1DC0 /* Debug */ = {
			isa = XCBuildConfiguration;
			buildSettings = {
				ALWAYS_EMBED_SWIFT_STANDARD_LIBRARIES = YES;
				CODE_SIGN_STYLE = Automatic;
				CURRENT_PROJECT_VERSION = 1;
				GENERATE_INFOPLIST_FILE = YES;
				MARKETING_VERSION = 1.0;
				PRODUCT_BUNDLE_IDENTIFIER = us.swcsd.GitSampleUITests;
				PRODUCT_NAME = "$(TARGET_NAME)";
				SWIFT_EMIT_LOC_STRINGS = NO;
				SWIFT_VERSION = 5.0;
				TARGETED_DEVICE_FAMILY = "1,2";
				TEST_TARGET_NAME = GitSample;
			};
			name = Debug;
		};
		743648A52B98D7FC002E1DC0 /* Release */ = {
			isa = XCBuildConfiguration;
			buildSettings = {
				ALWAYS_EMBED_SWIFT_STANDARD_LIBRARIES = YES;
				CODE_SIGN_STYLE = Automatic;
				CURRENT_PROJECT_VERSION = 1;
				GENERATE_INFOPLIST_FILE = YES;
				MARKETING_VERSION = 1.0;
				PRODUCT_BUNDLE_IDENTIFIER = us.swcsd.GitSampleUITests;
				PRODUCT_NAME = "$(TARGET_NAME)";
				SWIFT_EMIT_LOC_STRINGS = NO;
				SWIFT_VERSION = 5.0;
				TARGETED_DEVICE_FAMILY = "1,2";
				TEST_TARGET_NAME = GitSample;
			};
			name = Release;
		};
/* End XCBuildConfiguration section */

/* Begin XCConfigurationList section */
		743648742B98D7F9002E1DC0 /* Build configuration list for PBXProject "GitSample" */ = {
			isa = XCConfigurationList;
			buildConfigurations = (
				7436489B2B98D7FC002E1DC0 /* Debug */,
				7436489C2B98D7FC002E1DC0 /* Release */,
			);
			defaultConfigurationIsVisible = 0;
			defaultConfigurationName = Release;
		};
		7436489D2B98D7FC002E1DC0 /* Build configuration list for PBXNativeTarget "GitSample" */ = {
			isa = XCConfigurationList;
			buildConfigurations = (
				7436489E2B98D7FC002E1DC0 /* Debug */,
				7436489F2B98D7FC002E1DC0 /* Release */,
			);
			defaultConfigurationIsVisible = 0;
			defaultConfigurationName = Release;
		};
		743648A02B98D7FC002E1DC0 /* Build configuration list for PBXNativeTarget "GitSampleTests" */ = {
			isa = XCConfigurationList;
			buildConfigurations = (
				743648A12B98D7FC002E1DC0 /* Debug */,
				743648A22B98D7FC002E1DC0 /* Release */,
			);
			defaultConfigurationIsVisible = 0;
			defaultConfigurationName = Release;
		};
		743648A32B98D7FC002E1DC0 /* Build configuration list for PBXNativeTarget "GitSampleUITests" */ = {
			isa = XCConfigurationList;
			buildConfigurations = (
				743648A42B98D7FC002E1DC0 /* Debug */,
				743648A52B98D7FC002E1DC0 /* Release */,
			);
			defaultConfigurationIsVisible = 0;
			defaultConfigurationName = Release;
		};
/* End XCConfigurationList section */
	};
	rootObject = 743648712B98D7F9002E1DC0 /* Project object */;
}
